
Microsoft Visual Studio Solution File, Format Version 12.00
# Visual Studio Version 17
VisualStudioVersion = 17.10.34928.147
MinimumVisualStudioVersion = 10.0.40219.1
Project("{9A19103F-16F7-4668-BE54-9A1E7A4F7556}") = "MaterialMasterAPI", "MaterialMasterAPI\MaterialMasterAPI.csproj", "{FCBCDB11-F5A2-4CC9-9081-A5483912688B}"
EndProject
Project("{9A19103F-16F7-4668-BE54-9A1E7A4F7556}") = "PurchaseAPI", "PurchaseAPI\PurchaseAPI.csproj", "{47491E9C-482F-4934-912E-34166F67275D}"
EndProject
Project("{9A19103F-16F7-4668-BE54-9A1E7A4F7556}") = "InventoryAPI", "InventoryAPI\InventoryAPI.csproj", "{D3B706A0-C9E4-45A4-A930-759282A96E5D}"
EndProject
Project("{9A19103F-16F7-4668-BE54-9A1E7A4F7556}") = "SalesAPI", "SalesAPI\SalesAPI.csproj", "{89F243EF-BEAA-495C-945B-3C5ADBBCF39F}"
EndProject
Project("{2150E333-8FDC-42A3-9474-1A3956D46DE8}") = "InventoryDependencies", "InventoryDependencies", "{2A9CB62F-BD62-471C-BFAB-7368346E9CF4}"
EndProject
Project("{2150E333-8FDC-42A3-9474-1A3956D46DE8}") = "MaterialMasterDependencies", "MaterialMasterDependencies", "{3145837E-985B-4ACC-A24D-8C776E34DDD2}"
EndProject
Project("{2150E333-8FDC-42A3-9474-1A3956D46DE8}") = "SalesDependencies", "SalesDependencies", "{1D966A07-1CC5-44C0-A3B8-9CA4C10E93A5}"
EndProject
Project("{2150E333-8FDC-42A3-9474-1A3956D46DE8}") = "PurchaseDependencies", "PurchaseDependencies", "{0E1B45FA-3103-4D7B-9886-A3B3943D1B31}"
EndProject
Project("{9A19103F-16F7-4668-BE54-9A1E7A4F7556}") = "MaterialMaster.Domain", "MaterialMaster.Domain\MaterialMaster.Domain.csproj", "{9C013BA6-2BEE-4693-AD95-91BFD8D2224B}"
EndProject
Project("{9A19103F-16F7-4668-BE54-9A1E7A4F7556}") = "MaterialMaster.Infrastructure", "MaterialMaster.Infrastructure\MaterialMaster.Infrastructure.csproj", "{1EA947C5-1343-48AC-8D7C-6279EF9D048E}"
EndProject
Project("{9A19103F-16F7-4668-BE54-9A1E7A4F7556}") = "MaterialMaster.Services", "MaterialMaster.Services\MaterialMaster.Services.csproj", "{19E3BF53-A3C2-4495-B1DF-4AFC466FE1AF}"
EndProject
Project("{FAE04EC0-301F-11D3-BF4B-00C04F79EFBC}") = "InventoryProject.Domain", "InventoryProject.Domain\InventoryProject.Domain.csproj", "{D1E53A03-10B2-4971-BEC6-64241DAE97AC}"
EndProject
Project("{FAE04EC0-301F-11D3-BF4B-00C04F79EFBC}") = "InventoryProject.Infrastructure", "InventoryProject.Infrastructure\InventoryProject.Infrastructure.csproj", "{D0D94188-0E6A-474A-88F6-2D7D01FB4F9A}"
EndProject
Project("{FAE04EC0-301F-11D3-BF4B-00C04F79EFBC}") = "InventoryProject.Services", "InventoryProject.Services\InventoryProject.Services.csproj", "{31D22435-F4F1-47A8-AFB0-949EED51EE22}"
EndProject
Project("{FAE04EC0-301F-11D3-BF4B-00C04F79EFBC}") = "SyncAPI", "SyncAPI\SyncAPI.csproj", "{A7D0A6A2-C45A-4C66-AAF7-8BE43E2246FC}"
EndProject
Project("{FAE04EC0-301F-11D3-BF4B-00C04F79EFBC}") = "Purchase.Domain", "Purchase.Domain\Purchase.Domain.csproj", "{EC8B9A1E-D723-4D90-AF5F-7E4106020665}"
EndProject
Project("{FAE04EC0-301F-11D3-BF4B-00C04F79EFBC}") = "Purchase.Infrastructure", "Purchase.Infrastructure\Purchase.Infrastructure.csproj", "{65285427-39F7-4FD4-9B7C-705B23A7865F}"
EndProject
Project("{FAE04EC0-301F-11D3-BF4B-00C04F79EFBC}") = "Purchase.Services", "Purchase.Services\Purchase.Services.csproj", "{5FD1FF15-886E-4F4B-8DC2-9F2127B41CC5}"
EndProject
Project("{2150E333-8FDC-42A3-9474-1A3956D46DE8}") = "CommonDependencies", "CommonDependencies", "{434D62DD-B4D9-41A9-BA30-ABEAAA8B505E}"
EndProject
Project("{FAE04EC0-301F-11D3-BF4B-00C04F79EFBC}") = "Common.Domain", "Common.Domain\Common.Domain.csproj", "{ACE6A367-1857-4DF7-92EA-00D888355F2A}"
EndProject
Project("{FAE04EC0-301F-11D3-BF4B-00C04F79EFBC}") = "Common.Infrastructure", "Common.Infrastructure\Common.Infrastructure.csproj", "{81B5283C-B7AF-499B-84FE-A3022BA126A7}"
EndProject
Global
	GlobalSection(SolutionConfigurationPlatforms) = preSolution
		Debug|Any CPU = Debug|Any CPU
		Release|Any CPU = Release|Any CPU
	EndGlobalSection
	GlobalSection(ProjectConfigurationPlatforms) = postSolution
		{FCBCDB11-F5A2-4CC9-9081-A5483912688B}.Debug|Any CPU.ActiveCfg = Debug|Any CPU
		{FCBCDB11-F5A2-4CC9-9081-A5483912688B}.Debug|Any CPU.Build.0 = Debug|Any CPU
		{FCBCDB11-F5A2-4CC9-9081-A5483912688B}.Release|Any CPU.ActiveCfg = Release|Any CPU
		{FCBCDB11-F5A2-4CC9-9081-A5483912688B}.Release|Any CPU.Build.0 = Release|Any CPU
		{47491E9C-482F-4934-912E-34166F67275D}.Debug|Any CPU.ActiveCfg = Debug|Any CPU
		{47491E9C-482F-4934-912E-34166F67275D}.Debug|Any CPU.Build.0 = Debug|Any CPU
		{47491E9C-482F-4934-912E-34166F67275D}.Release|Any CPU.ActiveCfg = Release|Any CPU
		{47491E9C-482F-4934-912E-34166F67275D}.Release|Any CPU.Build.0 = Release|Any CPU
		{D3B706A0-C9E4-45A4-A930-759282A96E5D}.Debug|Any CPU.ActiveCfg = Debug|Any CPU
		{D3B706A0-C9E4-45A4-A930-759282A96E5D}.Debug|Any CPU.Build.0 = Debug|Any CPU
		{D3B706A0-C9E4-45A4-A930-759282A96E5D}.Release|Any CPU.ActiveCfg = Release|Any CPU
		{D3B706A0-C9E4-45A4-A930-759282A96E5D}.Release|Any CPU.Build.0 = Release|Any CPU
		{89F243EF-BEAA-495C-945B-3C5ADBBCF39F}.Debug|Any CPU.ActiveCfg = Debug|Any CPU
		{89F243EF-BEAA-495C-945B-3C5ADBBCF39F}.Debug|Any CPU.Build.0 = Debug|Any CPU
		{89F243EF-BEAA-495C-945B-3C5ADBBCF39F}.Release|Any CPU.ActiveCfg = Release|Any CPU
		{89F243EF-BEAA-495C-945B-3C5ADBBCF39F}.Release|Any CPU.Build.0 = Release|Any CPU
		{9C013BA6-2BEE-4693-AD95-91BFD8D2224B}.Debug|Any CPU.ActiveCfg = Debug|Any CPU
		{9C013BA6-2BEE-4693-AD95-91BFD8D2224B}.Debug|Any CPU.Build.0 = Debug|Any CPU
		{9C013BA6-2BEE-4693-AD95-91BFD8D2224B}.Release|Any CPU.ActiveCfg = Release|Any CPU
		{9C013BA6-2BEE-4693-AD95-91BFD8D2224B}.Release|Any CPU.Build.0 = Release|Any CPU
		{1EA947C5-1343-48AC-8D7C-6279EF9D048E}.Debug|Any CPU.ActiveCfg = Debug|Any CPU
		{1EA947C5-1343-48AC-8D7C-6279EF9D048E}.Debug|Any CPU.Build.0 = Debug|Any CPU
		{1EA947C5-1343-48AC-8D7C-6279EF9D048E}.Release|Any CPU.ActiveCfg = Release|Any CPU
		{1EA947C5-1343-48AC-8D7C-6279EF9D048E}.Release|Any CPU.Build.0 = Release|Any CPU
		{19E3BF53-A3C2-4495-B1DF-4AFC466FE1AF}.Debug|Any CPU.ActiveCfg = Debug|Any CPU
		{19E3BF53-A3C2-4495-B1DF-4AFC466FE1AF}.Debug|Any CPU.Build.0 = Debug|Any CPU
		{19E3BF53-A3C2-4495-B1DF-4AFC466FE1AF}.Release|Any CPU.ActiveCfg = Release|Any CPU
		{19E3BF53-A3C2-4495-B1DF-4AFC466FE1AF}.Release|Any CPU.Build.0 = Release|Any CPU
		{D1E53A03-10B2-4971-BEC6-64241DAE97AC}.Debug|Any CPU.ActiveCfg = Debug|Any CPU
		{D1E53A03-10B2-4971-BEC6-64241DAE97AC}.Debug|Any CPU.Build.0 = Debug|Any CPU
		{D1E53A03-10B2-4971-BEC6-64241DAE97AC}.Release|Any CPU.ActiveCfg = Release|Any CPU
		{D1E53A03-10B2-4971-BEC6-64241DAE97AC}.Release|Any CPU.Build.0 = Release|Any CPU
		{D0D94188-0E6A-474A-88F6-2D7D01FB4F9A}.Debug|Any CPU.ActiveCfg = Debug|Any CPU
		{D0D94188-0E6A-474A-88F6-2D7D01FB4F9A}.Debug|Any CPU.Build.0 = Debug|Any CPU
		{D0D94188-0E6A-474A-88F6-2D7D01FB4F9A}.Release|Any CPU.ActiveCfg = Release|Any CPU
		{D0D94188-0E6A-474A-88F6-2D7D01FB4F9A}.Release|Any CPU.Build.0 = Release|Any CPU
		{31D22435-F4F1-47A8-AFB0-949EED51EE22}.Debug|Any CPU.ActiveCfg = Debug|Any CPU
		{31D22435-F4F1-47A8-AFB0-949EED51EE22}.Debug|Any CPU.Build.0 = Debug|Any CPU
		{31D22435-F4F1-47A8-AFB0-949EED51EE22}.Release|Any CPU.ActiveCfg = Release|Any CPU
		{31D22435-F4F1-47A8-AFB0-949EED51EE22}.Release|Any CPU.Build.0 = Release|Any CPU
		{A7D0A6A2-C45A-4C66-AAF7-8BE43E2246FC}.Debug|Any CPU.ActiveCfg = Debug|Any CPU
		{A7D0A6A2-C45A-4C66-AAF7-8BE43E2246FC}.Debug|Any CPU.Build.0 = Debug|Any CPU
		{A7D0A6A2-C45A-4C66-AAF7-8BE43E2246FC}.Release|Any CPU.ActiveCfg = Release|Any CPU
		{A7D0A6A2-C45A-4C66-AAF7-8BE43E2246FC}.Release|Any CPU.Build.0 = Release|Any CPU
		{EC8B9A1E-D723-4D90-AF5F-7E4106020665}.Debug|Any CPU.ActiveCfg = Debug|Any CPU
		{EC8B9A1E-D723-4D90-AF5F-7E4106020665}.Debug|Any CPU.Build.0 = Debug|Any CPU
		{EC8B9A1E-D723-4D90-AF5F-7E4106020665}.Release|Any CPU.ActiveCfg = Release|Any CPU
		{EC8B9A1E-D723-4D90-AF5F-7E4106020665}.Release|Any CPU.Build.0 = Release|Any CPU
		{65285427-39F7-4FD4-9B7C-705B23A7865F}.Debug|Any CPU.ActiveCfg = Debug|Any CPU
		{65285427-39F7-4FD4-9B7C-705B23A7865F}.Debug|Any CPU.Build.0 = Debug|Any CPU
		{65285427-39F7-4FD4-9B7C-705B23A7865F}.Release|Any CPU.ActiveCfg = Release|Any CPU
		{65285427-39F7-4FD4-9B7C-705B23A7865F}.Release|Any CPU.Build.0 = Release|Any CPU
		{5FD1FF15-886E-4F4B-8DC2-9F2127B41CC5}.Debug|Any CPU.ActiveCfg = Debug|Any CPU
		{5FD1FF15-886E-4F4B-8DC2-9F2127B41CC5}.Debug|Any CPU.Build.0 = Debug|Any CPU
		{5FD1FF15-886E-4F4B-8DC2-9F2127B41CC5}.Release|Any CPU.ActiveCfg = Release|Any CPU
		{5FD1FF15-886E-4F4B-8DC2-9F2127B41CC5}.Release|Any CPU.Build.0 = Release|Any CPU
		{ACE6A367-1857-4DF7-92EA-00D888355F2A}.Debug|Any CPU.ActiveCfg = Debug|Any CPU
		{ACE6A367-1857-4DF7-92EA-00D888355F2A}.Debug|Any CPU.Build.0 = Debug|Any CPU
		{ACE6A367-1857-4DF7-92EA-00D888355F2A}.Release|Any CPU.ActiveCfg = Release|Any CPU
		{ACE6A367-1857-4DF7-92EA-00D888355F2A}.Release|Any CPU.Build.0 = Release|Any CPU
		{81B5283C-B7AF-499B-84FE-A3022BA126A7}.Debug|Any CPU.ActiveCfg = Debug|Any CPU
		{81B5283C-B7AF-499B-84FE-A3022BA126A7}.Debug|Any CPU.Build.0 = Debug|Any CPU
		{81B5283C-B7AF-499B-84FE-A3022BA126A7}.Release|Any CPU.ActiveCfg = Release|Any CPU
		{81B5283C-B7AF-499B-84FE-A3022BA126A7}.Release|Any CPU.Build.0 = Release|Any CPU
	EndGlobalSection
	GlobalSection(SolutionProperties) = preSolution
		HideSolutionNode = FALSE
	EndGlobalSection
	GlobalSection(NestedProjects) = preSolution
		{9C013BA6-2BEE-4693-AD95-91BFD8D2224B} = {3145837E-985B-4ACC-A24D-8C776E34DDD2}
		{1EA947C5-1343-48AC-8D7C-6279EF9D048E} = {3145837E-985B-4ACC-A24D-8C776E34DDD2}
		{19E3BF53-A3C2-4495-B1DF-4AFC466FE1AF} = {3145837E-985B-4ACC-A24D-8C776E34DDD2}
		{D1E53A03-10B2-4971-BEC6-64241DAE97AC} = {2A9CB62F-BD62-471C-BFAB-7368346E9CF4}
		{D0D94188-0E6A-474A-88F6-2D7D01FB4F9A} = {2A9CB62F-BD62-471C-BFAB-7368346E9CF4}
		{31D22435-F4F1-47A8-AFB0-949EED51EE22} = {2A9CB62F-BD62-471C-BFAB-7368346E9CF4}
		{EC8B9A1E-D723-4D90-AF5F-7E4106020665} = {0E1B45FA-3103-4D7B-9886-A3B3943D1B31}
		{65285427-39F7-4FD4-9B7C-705B23A7865F} = {0E1B45FA-3103-4D7B-9886-A3B3943D1B31}
		{5FD1FF15-886E-4F4B-8DC2-9F2127B41CC5} = {0E1B45FA-3103-4D7B-9886-A3B3943D1B31}
		{ACE6A367-1857-4DF7-92EA-00D888355F2A} = {434D62DD-B4D9-41A9-BA30-ABEAAA8B505E}
		{81B5283C-B7AF-499B-84FE-A3022BA126A7} = {434D62DD-B4D9-41A9-BA30-ABEAAA8B505E}
	EndGlobalSection
	GlobalSection(ExtensibilityGlobals) = postSolution
		SolutionGuid = {F24FDFBD-2040-4405-B70C-ECD3074118C0}
	EndGlobalSection
EndGlobal
